
Microsoft Visual Studio Solution File, Format Version 12.00
# Visual Studio 15
VisualStudioVersion = 15.0.26730.16
MinimumVisualStudioVersion = 10.0.40219.1
Project("{FAE04EC0-301F-11D3-BF4B-00C04F79EFBC}") = "1. DecodeUrl", "ConsoleApp1\1. DecodeUrl.csproj", "{9CBC9BAE-8E3B-4C79-ABB4-C5A31F84B47A}"
EndProject
Project("{FAE04EC0-301F-11D3-BF4B-00C04F79EFBC}") = "2. ValidateUrl", "2. ValidateUrl\2. ValidateUrl.csproj", "{F86D988C-6201-43CD-B21A-697C554CD56D}"
EndProject
Project("{FAE04EC0-301F-11D3-BF4B-00C04F79EFBC}") = "3. RequestParser", "3. Request Parser\3. RequestParser.csproj", "{70B4BB22-6E0A-4960-AA11-B182A8037A63}"
EndProject
Global
	GlobalSection(SolutionConfigurationPlatforms) = preSolution
		Debug|Any CPU = Debug|Any CPU
		Release|Any CPU = Release|Any CPU
	EndGlobalSection
	GlobalSection(ProjectConfigurationPlatforms) = postSolution
		{9CBC9BAE-8E3B-4C79-ABB4-C5A31F84B47A}.Debug|Any CPU.ActiveCfg = Debug|Any CPU
		{9CBC9BAE-8E3B-4C79-ABB4-C5A31F84B47A}.Debug|Any CPU.Build.0 = Debug|Any CPU
		{9CBC9BAE-8E3B-4C79-ABB4-C5A31F84B47A}.Release|Any CPU.ActiveCfg = Release|Any CPU
		{9CBC9BAE-8E3B-4C79-ABB4-C5A31F84B47A}.Release|Any CPU.Build.0 = Release|Any CPU
		{F86D988C-6201-43CD-B21A-697C554CD56D}.Debug|Any CPU.ActiveCfg = Debug|Any CPU
		{F86D988C-6201-43CD-B21A-697C554CD56D}.Debug|Any CPU.Build.0 = Debug|Any CPU
		{F86D988C-6201-43CD-B21A-697C554CD56D}.Release|Any CPU.ActiveCfg = Release|Any CPU
		{F86D988C-6201-43CD-B21A-697C554CD56D}.Release|Any CPU.Build.0 = Release|Any CPU
		{70B4BB22-6E0A-4960-AA11-B182A8037A63}.Debug|Any CPU.ActiveCfg = Debug|Any CPU
		{70B4BB22-6E0A-4960-AA11-B182A8037A63}.Debug|Any CPU.Build.0 = Debug|Any CPU
		{70B4BB22-6E0A-4960-AA11-B182A8037A63}.Release|Any CPU.ActiveCfg = Release|Any CPU
		{70B4BB22-6E0A-4960-AA11-B182A8037A63}.Release|Any CPU.Build.0 = Release|Any CPU
	EndGlobalSection
	GlobalSection(SolutionProperties) = preSolution
		HideSolutionNode = FALSE
	EndGlobalSection
	GlobalSection(ExtensibilityGlobals) = postSolution
		SolutionGuid = {A4F5D641-6D5E-492A-AFE2-517C5282706C}
	EndGlobalSection
EndGlobal
