
Microsoft Visual Studio Solution File, Format Version 12.00
# Visual Studio 15
VisualStudioVersion = 15.0.26730.16
MinimumVisualStudioVersion = 10.0.40219.1
Project("{FAE04EC0-301F-11D3-BF4B-00C04F79EFBC}") = "SoftUniBeers", "SoftUniBeers\SoftUniBeers.csproj", "{373239E8-75DA-48B2-A9F6-E95B6D3173F9}"
EndProject
Global
	GlobalSection(SolutionConfigurationPlatforms) = preSolution
		Debug|Any CPU = Debug|Any CPU
		Release|Any CPU = Release|Any CPU
	EndGlobalSection
	GlobalSection(ProjectConfigurationPlatforms) = postSolution
		{373239E8-75DA-48B2-A9F6-E95B6D3173F9}.Debug|Any CPU.ActiveCfg = Debug|Any CPU
		{373239E8-75DA-48B2-A9F6-E95B6D3173F9}.Debug|Any CPU.Build.0 = Debug|Any CPU
		{373239E8-75DA-48B2-A9F6-E95B6D3173F9}.Release|Any CPU.ActiveCfg = Release|Any CPU
		{373239E8-75DA-48B2-A9F6-E95B6D3173F9}.Release|Any CPU.Build.0 = Release|Any CPU
	EndGlobalSection
	GlobalSection(SolutionProperties) = preSolution
		HideSolutionNode = FALSE
	EndGlobalSection
	GlobalSection(ExtensibilityGlobals) = postSolution
		SolutionGuid = {269D4370-658B-45F3-AFC2-30EFC8DF047A}
	EndGlobalSection
EndGlobal
